
Microsoft Visual Studio Solution File, Format Version 12.00
# Visual Studio Version 17
VisualStudioVersion = 17.1.32228.430
MinimumVisualStudioVersion = 10.0.40219.1
Project("{FAE04EC0-301F-11D3-BF4B-00C04F79EFBC}") = "ejerciciotipo_parcial", "ejerciciotipo_parcial\ejerciciotipo_parcial.csproj", "{B07CCF01-1D49-4C65-80D3-8E0CB13E5886}"
EndProject
Global
	GlobalSection(SolutionConfigurationPlatforms) = preSolution
		Debug|Any CPU = Debug|Any CPU
		Release|Any CPU = Release|Any CPU
	EndGlobalSection
	GlobalSection(ProjectConfigurationPlatforms) = postSolution
		{B07CCF01-1D49-4C65-80D3-8E0CB13E5886}.Debug|Any CPU.ActiveCfg = Debug|Any CPU
		{B07CCF01-1D49-4C65-80D3-8E0CB13E5886}.Debug|Any CPU.Build.0 = Debug|Any CPU
		{B07CCF01-1D49-4C65-80D3-8E0CB13E5886}.Release|Any CPU.ActiveCfg = Release|Any CPU
		{B07CCF01-1D49-4C65-80D3-8E0CB13E5886}.Release|Any CPU.Build.0 = Release|Any CPU
	EndGlobalSection
	GlobalSection(SolutionProperties) = preSolution
		HideSolutionNode = FALSE
	EndGlobalSection
	GlobalSection(ExtensibilityGlobals) = postSolution
		SolutionGuid = {3DBF408C-4A81-4491-A64E-A4F6E3E01591}
	EndGlobalSection
EndGlobal
